
Microsoft Visual Studio Solution File, Format Version 12.00
# Visual Studio Version 16
VisualStudioVersion = 16.0.29409.12
MinimumVisualStudioVersion = 10.0.40219.1
Project("{FAE04EC0-301F-11D3-BF4B-00C04F79EFBC}") = "WebForm", "WebForm\WebForm.csproj", "{C310AC9C-1054-466E-87C2-603B445E04AC}"
EndProject
Global
	GlobalSection(SolutionConfigurationPlatforms) = preSolution
		Debug|Any CPU = Debug|Any CPU
		Release|Any CPU = Release|Any CPU
	EndGlobalSection
	GlobalSection(ProjectConfigurationPlatforms) = postSolution
		{C310AC9C-1054-466E-87C2-603B445E04AC}.Debug|Any CPU.ActiveCfg = Debug|Any CPU
		{C310AC9C-1054-466E-87C2-603B445E04AC}.Debug|Any CPU.Build.0 = Debug|Any CPU
		{C310AC9C-1054-466E-87C2-603B445E04AC}.Release|Any CPU.ActiveCfg = Release|Any CPU
		{C310AC9C-1054-466E-87C2-603B445E04AC}.Release|Any CPU.Build.0 = Release|Any CPU
	EndGlobalSection
	GlobalSection(SolutionProperties) = preSolution
		HideSolutionNode = FALSE
	EndGlobalSection
	GlobalSection(ExtensibilityGlobals) = postSolution
		SolutionGuid = {0E70B81D-B86B-4AA2-BA4D-6BF83395B959}
	EndGlobalSection
EndGlobal
